{
  "version": "4",
  "specifiers": {
    "jsr:@std/fs@^1.0.17": "1.0.17",
    "jsr:@std/path@^1.0.9": "1.0.9",
    "npm:p-limit@^6.2.0": "6.2.0"
  },
  "jsr": {
    "@std/fs@1.0.17": {
      "integrity": "1c00c632677c1158988ef7a004cb16137f870aafdb8163b9dce86ec652f3952b",
      "dependencies": [
        "jsr:@std/path"
      ]
    },
    "@std/path@1.0.9": {
      "integrity": "260a49f11edd3db93dd38350bf9cd1b4d1366afa98e81b86167b4e3dd750129e"
    }
  },
  "npm": {
    "p-limit@6.2.0": {
      "integrity": "sha512-kuUqqHNUqoIWp/c467RI4X6mmyuojY5jGutNU0wVTmEOOfcuwLqyMVoAi9MKi2Ak+5i9+nhmrK4ufZE8069kHA==",
      "dependencies": [
        "yocto-queue"
      ]
    },
    "yocto-queue@1.2.1": {
      "integrity": "sha512-AyeEbWOu/TAXdxlV9wmGcR0+yh2j3vYPGOECcIj2S7MkrLyC7ne+oye2BKTItt0ii2PHk4cDy+95+LshzbXnGg=="
    }
  },
  "workspace": {
    "dependencies": [
      "jsr:@std/fs@^1.0.17",
      "npm:p-limit@^6.2.0"
    ]
  }
}
